// !$*UTF8*$!
{
	archiveVersion = 1;
	classes = {
	};
	objectVersion = 50;
	objects = {

/* Begin PBXBuildFile section */
		02EC6123AC83A5B464214768 /* Pods_FIT5140_Assignment2Tests.framework in Frameworks */ = {isa = PBXBuildFile; fileRef = 55007F38109A0AA9B1B4CDB9 /* Pods_FIT5140_Assignment2Tests.framework */; };
		0A159D2921511A8E001BCACC /* Flower+CoreDataClass.swift in Sources */ = {isa = PBXBuildFile; fileRef = 0A159D2721511A8E001BCACC /* Flower+CoreDataClass.swift */; };
		0A159D2A21511A8E001BCACC /* Flower+CoreDataProperties.swift in Sources */ = {isa = PBXBuildFile; fileRef = 0A159D2821511A8E001BCACC /* Flower+CoreDataProperties.swift */; };
		0A3337E5214CF34500DF4B8B /* GoogleService-Info.plist in Resources */ = {isa = PBXBuildFile; fileRef = 0A3337E4214CF34500DF4B8B /* GoogleService-Info.plist */; };
		0A8F1D06214E308F002A3290 /* DataTableViewController.swift in Sources */ = {isa = PBXBuildFile; fileRef = 0A8F1D05214E308F002A3290 /* DataTableViewController.swift */; };
		0A8F1D08214E317A002A3290 /* DataViewCell.swift in Sources */ = {isa = PBXBuildFile; fileRef = 0A8F1D07214E317A002A3290 /* DataViewCell.swift */; };
		0A8F1D0A214E33D6002A3290 /* Raspio.swift in Sources */ = {isa = PBXBuildFile; fileRef = 0A8F1D09214E33D6002A3290 /* Raspio.swift */; };
		A70C2549214CE0C900596BBB /* AppDelegate.swift in Sources */ = {isa = PBXBuildFile; fileRef = A70C2548214CE0C900596BBB /* AppDelegate.swift */; };
		A70C254B214CE0C900596BBB /* ViewController.swift in Sources */ = {isa = PBXBuildFile; fileRef = A70C254A214CE0C900596BBB /* ViewController.swift */; };
		A70C254E214CE0C900596BBB /* Main.storyboard in Resources */ = {isa = PBXBuildFile; fileRef = A70C254C214CE0C900596BBB /* Main.storyboard */; };
		A70C2551214CE0C900596BBB /* FIT5140_Assignment2.xcdatamodeld in Sources */ = {isa = PBXBuildFile; fileRef = A70C254F214CE0C900596BBB /* FIT5140_Assignment2.xcdatamodeld */; };
		A70C2553214CE0CD00596BBB /* Assets.xcassets in Resources */ = {isa = PBXBuildFile; fileRef = A70C2552214CE0CD00596BBB /* Assets.xcassets */; };
		A70C2556214CE0CD00596BBB /* LaunchScreen.storyboard in Resources */ = {isa = PBXBuildFile; fileRef = A70C2554214CE0CD00596BBB /* LaunchScreen.storyboard */; };
		A70C2561214CE0CE00596BBB /* FIT5140_Assignment2Tests.swift in Sources */ = {isa = PBXBuildFile; fileRef = A70C2560214CE0CE00596BBB /* FIT5140_Assignment2Tests.swift */; };
		A70C256C214CE0CE00596BBB /* FIT5140_Assignment2UITests.swift in Sources */ = {isa = PBXBuildFile; fileRef = A70C256B214CE0CE00596BBB /* FIT5140_Assignment2UITests.swift */; };
		EFD62BA74930F8604EEC1B9E /* Pods_FIT5140_Assignment2UITests.framework in Frameworks */ = {isa = PBXBuildFile; fileRef = 37D2ECFD07006C254B388A97 /* Pods_FIT5140_Assignment2UITests.framework */; };
		FAA50C5417962243E7902A75 /* Pods_FIT5140_Assignment2.framework in Frameworks */ = {isa = PBXBuildFile; fileRef = 464300C2CD340760FC48A4E6 /* Pods_FIT5140_Assignment2.framework */; };
/* End PBXBuildFile section */

/* Begin PBXContainerItemProxy section */
		A70C255D214CE0CE00596BBB /* PBXContainerItemProxy */ = {
			isa = PBXContainerItemProxy;
			containerPortal = A70C253D214CE0C900596BBB /* Project object */;
			proxyType = 1;
			remoteGlobalIDString = A70C2544214CE0C900596BBB;
			remoteInfo = "FIT5140-Assignment2";
		};
		A70C2568214CE0CE00596BBB /* PBXContainerItemProxy */ = {
			isa = PBXContainerItemProxy;
			containerPortal = A70C253D214CE0C900596BBB /* Project object */;
			proxyType = 1;
			remoteGlobalIDString = A70C2544214CE0C900596BBB;
			remoteInfo = "FIT5140-Assignment2";
		};
/* End PBXContainerItemProxy section */

/* Begin PBXFileReference section */
		027C08C8431C9A47A0D4371A /* Pods-FIT5140-Assignment2Tests.debug.xcconfig */ = {isa = PBXFileReference; includeInIndex = 1; lastKnownFileType = text.xcconfig; name = "Pods-FIT5140-Assignment2Tests.debug.xcconfig"; path = "Pods/Target Support Files/Pods-FIT5140-Assignment2Tests/Pods-FIT5140-Assignment2Tests.debug.xcconfig"; sourceTree = "<group>"; };
		033D02F9DEC7EAE069D24561 /* Pods-FIT5140-Assignment2UITests.release.xcconfig */ = {isa = PBXFileReference; includeInIndex = 1; lastKnownFileType = text.xcconfig; name = "Pods-FIT5140-Assignment2UITests.release.xcconfig"; path = "Pods/Target Support Files/Pods-FIT5140-Assignment2UITests/Pods-FIT5140-Assignment2UITests.release.xcconfig"; sourceTree = "<group>"; };
		0A159D2721511A8E001BCACC /* Flower+CoreDataClass.swift */ = {isa = PBXFileReference; lastKnownFileType = sourcecode.swift; name = "Flower+CoreDataClass.swift"; path = "/Users/givemepass/Documents/FIT5140-Assignment2/FIT5140-Assignment2/Flower+CoreDataClass.swift"; sourceTree = "<absolute>"; };
		0A159D2821511A8E001BCACC /* Flower+CoreDataProperties.swift */ = {isa = PBXFileReference; lastKnownFileType = sourcecode.swift; name = "Flower+CoreDataProperties.swift"; path = "/Users/givemepass/Documents/FIT5140-Assignment2/FIT5140-Assignment2/Flower+CoreDataProperties.swift"; sourceTree = "<absolute>"; };
		0A3337E4214CF34500DF4B8B /* GoogleService-Info.plist */ = {isa = PBXFileReference; fileEncoding = 4; lastKnownFileType = text.plist.xml; path = "GoogleService-Info.plist"; sourceTree = "<group>"; };
		0A8F1D05214E308F002A3290 /* DataTableViewController.swift */ = {isa = PBXFileReference; lastKnownFileType = sourcecode.swift; path = DataTableViewController.swift; sourceTree = "<group>"; };
		0A8F1D07214E317A002A3290 /* DataViewCell.swift */ = {isa = PBXFileReference; lastKnownFileType = sourcecode.swift; path = DataViewCell.swift; sourceTree = "<group>"; };
		0A8F1D09214E33D6002A3290 /* Raspio.swift */ = {isa = PBXFileReference; lastKnownFileType = sourcecode.swift; path = Raspio.swift; sourceTree = "<group>"; };
		2A4652BC8601B2E009940EE6 /* Pods-FIT5140-Assignment2.release.xcconfig */ = {isa = PBXFileReference; includeInIndex = 1; lastKnownFileType = text.xcconfig; name = "Pods-FIT5140-Assignment2.release.xcconfig"; path = "Pods/Target Support Files/Pods-FIT5140-Assignment2/Pods-FIT5140-Assignment2.release.xcconfig"; sourceTree = "<group>"; };
		37D2ECFD07006C254B388A97 /* Pods_FIT5140_Assignment2UITests.framework */ = {isa = PBXFileReference; explicitFileType = wrapper.framework; includeInIndex = 0; path = Pods_FIT5140_Assignment2UITests.framework; sourceTree = BUILT_PRODUCTS_DIR; };
		44605B1A8E66B6B02D1C0005 /* Pods-FIT5140-Assignment2.debug.xcconfig */ = {isa = PBXFileReference; includeInIndex = 1; lastKnownFileType = text.xcconfig; name = "Pods-FIT5140-Assignment2.debug.xcconfig"; path = "Pods/Target Support Files/Pods-FIT5140-Assignment2/Pods-FIT5140-Assignment2.debug.xcconfig"; sourceTree = "<group>"; };
		464300C2CD340760FC48A4E6 /* Pods_FIT5140_Assignment2.framework */ = {isa = PBXFileReference; explicitFileType = wrapper.framework; includeInIndex = 0; path = Pods_FIT5140_Assignment2.framework; sourceTree = BUILT_PRODUCTS_DIR; };
		55007F38109A0AA9B1B4CDB9 /* Pods_FIT5140_Assignment2Tests.framework */ = {isa = PBXFileReference; explicitFileType = wrapper.framework; includeInIndex = 0; path = Pods_FIT5140_Assignment2Tests.framework; sourceTree = BUILT_PRODUCTS_DIR; };
		A70C2545214CE0C900596BBB /* FIT5140-Assignment2.app */ = {isa = PBXFileReference; explicitFileType = wrapper.application; includeInIndex = 0; path = "FIT5140-Assignment2.app"; sourceTree = BUILT_PRODUCTS_DIR; };
		A70C2548214CE0C900596BBB /* AppDelegate.swift */ = {isa = PBXFileReference; lastKnownFileType = sourcecode.swift; path = AppDelegate.swift; sourceTree = "<group>"; };
		A70C254A214CE0C900596BBB /* ViewController.swift */ = {isa = PBXFileReference; lastKnownFileType = sourcecode.swift; path = ViewController.swift; sourceTree = "<group>"; };
		A70C254D214CE0C900596BBB /* Base */ = {isa = PBXFileReference; lastKnownFileType = file.storyboard; name = Base; path = Base.lproj/Main.storyboard; sourceTree = "<group>"; };
		A70C2550214CE0C900596BBB /* FIT5140_Assignment2.xcdatamodel */ = {isa = PBXFileReference; lastKnownFileType = wrapper.xcdatamodel; path = FIT5140_Assignment2.xcdatamodel; sourceTree = "<group>"; };
		A70C2552214CE0CD00596BBB /* Assets.xcassets */ = {isa = PBXFileReference; lastKnownFileType = folder.assetcatalog; path = Assets.xcassets; sourceTree = "<group>"; };
		A70C2555214CE0CD00596BBB /* Base */ = {isa = PBXFileReference; lastKnownFileType = file.storyboard; name = Base; path = Base.lproj/LaunchScreen.storyboard; sourceTree = "<group>"; };
		A70C2557214CE0CD00596BBB /* Info.plist */ = {isa = PBXFileReference; lastKnownFileType = text.plist.xml; path = Info.plist; sourceTree = "<group>"; };
		A70C255C214CE0CE00596BBB /* FIT5140-Assignment2Tests.xctest */ = {isa = PBXFileReference; explicitFileType = wrapper.cfbundle; includeInIndex = 0; path = "FIT5140-Assignment2Tests.xctest"; sourceTree = BUILT_PRODUCTS_DIR; };
		A70C2560214CE0CE00596BBB /* FIT5140_Assignment2Tests.swift */ = {isa = PBXFileReference; lastKnownFileType = sourcecode.swift; path = FIT5140_Assignment2Tests.swift; sourceTree = "<group>"; };
		A70C2562214CE0CE00596BBB /* Info.plist */ = {isa = PBXFileReference; lastKnownFileType = text.plist.xml; path = Info.plist; sourceTree = "<group>"; };
		A70C2567214CE0CE00596BBB /* FIT5140-Assignment2UITests.xctest */ = {isa = PBXFileReference; explicitFileType = wrapper.cfbundle; includeInIndex = 0; path = "FIT5140-Assignment2UITests.xctest"; sourceTree = BUILT_PRODUCTS_DIR; };
		A70C256B214CE0CE00596BBB /* FIT5140_Assignment2UITests.swift */ = {isa = PBXFileReference; lastKnownFileType = sourcecode.swift; path = FIT5140_Assignment2UITests.swift; sourceTree = "<group>"; };
		A70C256D214CE0CE00596BBB /* Info.plist */ = {isa = PBXFileReference; lastKnownFileType = text.plist.xml; path = Info.plist; sourceTree = "<group>"; };
		AED74BD5D6BC0A067C0BDE2C /* Pods-FIT5140-Assignment2UITests.debug.xcconfig */ = {isa = PBXFileReference; includeInIndex = 1; lastKnownFileType = text.xcconfig; name = "Pods-FIT5140-Assignment2UITests.debug.xcconfig"; path = "Pods/Target Support Files/Pods-FIT5140-Assignment2UITests/Pods-FIT5140-Assignment2UITests.debug.xcconfig"; sourceTree = "<group>"; };
		B900CE764CB2E205DB5BF038 /* Pods-FIT5140-Assignment2Tests.release.xcconfig */ = {isa = PBXFileReference; includeInIndex = 1; lastKnownFileType = text.xcconfig; name = "Pods-FIT5140-Assignment2Tests.release.xcconfig"; path = "Pods/Target Support Files/Pods-FIT5140-Assignment2Tests/Pods-FIT5140-Assignment2Tests.release.xcconfig"; sourceTree = "<group>"; };
/* End PBXFileReference section */

/* Begin PBXFrameworksBuildPhase section */
		A70C2542214CE0C900596BBB /* Frameworks */ = {
			isa = PBXFrameworksBuildPhase;
			buildActionMask = 2147483647;
			files = (
				FAA50C5417962243E7902A75 /* Pods_FIT5140_Assignment2.framework in Frameworks */,
			);
			runOnlyForDeploymentPostprocessing = 0;
		};
		A70C2559214CE0CE00596BBB /* Frameworks */ = {
			isa = PBXFrameworksBuildPhase;
			buildActionMask = 2147483647;
			files = (
				02EC6123AC83A5B464214768 /* Pods_FIT5140_Assignment2Tests.framework in Frameworks */,
			);
			runOnlyForDeploymentPostprocessing = 0;
		};
		A70C2564214CE0CE00596BBB /* Frameworks */ = {
			isa = PBXFrameworksBuildPhase;
			buildActionMask = 2147483647;
			files = (
				EFD62BA74930F8604EEC1B9E /* Pods_FIT5140_Assignment2UITests.framework in Frameworks */,
			);
			runOnlyForDeploymentPostprocessing = 0;
		};
/* End PBXFrameworksBuildPhase section */

/* Begin PBXGroup section */
		55995CB10433C2875281D061 /* Pods */ = {
			isa = PBXGroup;
			children = (
				44605B1A8E66B6B02D1C0005 /* Pods-FIT5140-Assignment2.debug.xcconfig */,
				2A4652BC8601B2E009940EE6 /* Pods-FIT5140-Assignment2.release.xcconfig */,
				027C08C8431C9A47A0D4371A /* Pods-FIT5140-Assignment2Tests.debug.xcconfig */,
				B900CE764CB2E205DB5BF038 /* Pods-FIT5140-Assignment2Tests.release.xcconfig */,
				AED74BD5D6BC0A067C0BDE2C /* Pods-FIT5140-Assignment2UITests.debug.xcconfig */,
				033D02F9DEC7EAE069D24561 /* Pods-FIT5140-Assignment2UITests.release.xcconfig */,
			);
			name = Pods;
			sourceTree = "<group>";
		};
		A70C253C214CE0C900596BBB = {
			isa = PBXGroup;
			children = (
				A70C2547214CE0C900596BBB /* FIT5140-Assignment2 */,
				A70C255F214CE0CE00596BBB /* FIT5140-Assignment2Tests */,
				A70C256A214CE0CE00596BBB /* FIT5140-Assignment2UITests */,
				A70C2546214CE0C900596BBB /* Products */,
				55995CB10433C2875281D061 /* Pods */,
				BD7F6C623ED0CE16B7998F2E /* Frameworks */,
			);
			sourceTree = "<group>";
		};
		A70C2546214CE0C900596BBB /* Products */ = {
			isa = PBXGroup;
			children = (
				A70C2545214CE0C900596BBB /* FIT5140-Assignment2.app */,
				A70C255C214CE0CE00596BBB /* FIT5140-Assignment2Tests.xctest */,
				A70C2567214CE0CE00596BBB /* FIT5140-Assignment2UITests.xctest */,
			);
			name = Products;
			sourceTree = "<group>";
		};
		A70C2547214CE0C900596BBB /* FIT5140-Assignment2 */ = {
			isa = PBXGroup;
			children = (
				A70C2548214CE0C900596BBB /* AppDelegate.swift */,
				0A159D2721511A8E001BCACC /* Flower+CoreDataClass.swift */,
				0A159D2821511A8E001BCACC /* Flower+CoreDataProperties.swift */,
				A70C254A214CE0C900596BBB /* ViewController.swift */,
				A70C254C214CE0C900596BBB /* Main.storyboard */,
				0A3337E4214CF34500DF4B8B /* GoogleService-Info.plist */,
				A70C2552214CE0CD00596BBB /* Assets.xcassets */,
				A70C2554214CE0CD00596BBB /* LaunchScreen.storyboard */,
				A70C2557214CE0CD00596BBB /* Info.plist */,
				A70C254F214CE0C900596BBB /* FIT5140_Assignment2.xcdatamodeld */,
				0A8F1D05214E308F002A3290 /* DataTableViewController.swift */,
				0A8F1D07214E317A002A3290 /* DataViewCell.swift */,
				0A8F1D09214E33D6002A3290 /* Raspio.swift */,
			);
			path = "FIT5140-Assignment2";
			sourceTree = "<group>";
		};
		A70C255F214CE0CE00596BBB /* FIT5140-Assignment2Tests */ = {
			isa = PBXGroup;
			children = (
				A70C2560214CE0CE00596BBB /* FIT5140_Assignment2Tests.swift */,
				A70C2562214CE0CE00596BBB /* Info.plist */,
			);
			path = "FIT5140-Assignment2Tests";
			sourceTree = "<group>";
		};
		A70C256A214CE0CE00596BBB /* FIT5140-Assignment2UITests */ = {
			isa = PBXGroup;
			children = (
				A70C256B214CE0CE00596BBB /* FIT5140_Assignment2UITests.swift */,
				A70C256D214CE0CE00596BBB /* Info.plist */,
			);
			path = "FIT5140-Assignment2UITests";
			sourceTree = "<group>";
		};
		BD7F6C623ED0CE16B7998F2E /* Frameworks */ = {
			isa = PBXGroup;
			children = (
				464300C2CD340760FC48A4E6 /* Pods_FIT5140_Assignment2.framework */,
				55007F38109A0AA9B1B4CDB9 /* Pods_FIT5140_Assignment2Tests.framework */,
				37D2ECFD07006C254B388A97 /* Pods_FIT5140_Assignment2UITests.framework */,
			);
			name = Frameworks;
			sourceTree = "<group>";
		};
/* End PBXGroup section */

/* Begin PBXNativeTarget section */
		A70C2544214CE0C900596BBB /* FIT5140-Assignment2 */ = {
			isa = PBXNativeTarget;
			buildConfigurationList = A70C2570214CE0CE00596BBB /* Build configuration list for PBXNativeTarget "FIT5140-Assignment2" */;
			buildPhases = (
				F996C76DEB19DD05A915A05C /* [CP] Check Pods Manifest.lock */,
				A70C2541214CE0C900596BBB /* Sources */,
				A70C2542214CE0C900596BBB /* Frameworks */,
				A70C2543214CE0C900596BBB /* Resources */,
				F24CD882F55B911D262D167E /* [CP] Embed Pods Frameworks */,
			);
			buildRules = (
			);
			dependencies = (
			);
			name = "FIT5140-Assignment2";
			productName = "FIT5140-Assignment2";
			productReference = A70C2545214CE0C900596BBB /* FIT5140-Assignment2.app */;
			productType = "com.apple.product-type.application";
		};
		A70C255B214CE0CE00596BBB /* FIT5140-Assignment2Tests */ = {
			isa = PBXNativeTarget;
			buildConfigurationList = A70C2573214CE0CE00596BBB /* Build configuration list for PBXNativeTarget "FIT5140-Assignment2Tests" */;
			buildPhases = (
				4949E4622CE2FCD335BB6D30 /* [CP] Check Pods Manifest.lock */,
				A70C2558214CE0CE00596BBB /* Sources */,
				A70C2559214CE0CE00596BBB /* Frameworks */,
				A70C255A214CE0CE00596BBB /* Resources */,
			);
			buildRules = (
			);
			dependencies = (
				A70C255E214CE0CE00596BBB /* PBXTargetDependency */,
			);
			name = "FIT5140-Assignment2Tests";
			productName = "FIT5140-Assignment2Tests";
			productReference = A70C255C214CE0CE00596BBB /* FIT5140-Assignment2Tests.xctest */;
			productType = "com.apple.product-type.bundle.unit-test";
		};
		A70C2566214CE0CE00596BBB /* FIT5140-Assignment2UITests */ = {
			isa = PBXNativeTarget;
			buildConfigurationList = A70C2576214CE0CE00596BBB /* Build configuration list for PBXNativeTarget "FIT5140-Assignment2UITests" */;
			buildPhases = (
				958C8B43B8B5598CF0C77C5A /* [CP] Check Pods Manifest.lock */,
				A70C2563214CE0CE00596BBB /* Sources */,
				A70C2564214CE0CE00596BBB /* Frameworks */,
				A70C2565214CE0CE00596BBB /* Resources */,
			);
			buildRules = (
			);
			dependencies = (
				A70C2569214CE0CE00596BBB /* PBXTargetDependency */,
			);
			name = "FIT5140-Assignment2UITests";
			productName = "FIT5140-Assignment2UITests";
			productReference = A70C2567214CE0CE00596BBB /* FIT5140-Assignment2UITests.xctest */;
			productType = "com.apple.product-type.bundle.ui-testing";
		};
/* End PBXNativeTarget section */

/* Begin PBXProject section */
		A70C253D214CE0C900596BBB /* Project object */ = {
			isa = PBXProject;
			attributes = {
				LastSwiftUpdateCheck = 0940;
				LastUpgradeCheck = 0940;
				ORGANIZATIONNAME = "Monash University";
				TargetAttributes = {
					A70C2544214CE0C900596BBB = {
						CreatedOnToolsVersion = 9.4.1;
					};
					A70C255B214CE0CE00596BBB = {
						CreatedOnToolsVersion = 9.4.1;
						TestTargetID = A70C2544214CE0C900596BBB;
					};
					A70C2566214CE0CE00596BBB = {
						CreatedOnToolsVersion = 9.4.1;
						TestTargetID = A70C2544214CE0C900596BBB;
					};
				};
			};
			buildConfigurationList = A70C2540214CE0C900596BBB /* Build configuration list for PBXProject "FIT5140-Assignment2" */;
			compatibilityVersion = "Xcode 9.3";
			developmentRegion = en;
			hasScannedForEncodings = 0;
			knownRegions = (
				en,
				Base,
			);
			mainGroup = A70C253C214CE0C900596BBB;
			productRefGroup = A70C2546214CE0C900596BBB /* Products */;
			projectDirPath = "";
			projectRoot = "";
			targets = (
				A70C2544214CE0C900596BBB /* FIT5140-Assignment2 */,
				A70C255B214CE0CE00596BBB /* FIT5140-Assignment2Tests */,
				A70C2566214CE0CE00596BBB /* FIT5140-Assignment2UITests */,
			);
		};
/* End PBXProject section */

/* Begin PBXResourcesBuildPhase section */
		A70C2543214CE0C900596BBB /* Resources */ = {
			isa = PBXResourcesBuildPhase;
			buildActionMask = 2147483647;
			files = (
				A70C2556214CE0CD00596BBB /* LaunchScreen.storyboard in Resources */,
				0A3337E5214CF34500DF4B8B /* GoogleService-Info.plist in Resources */,
				A70C2553214CE0CD00596BBB /* Assets.xcassets in Resources */,
				A70C254E214CE0C900596BBB /* Main.storyboard in Resources */,
			);
			runOnlyForDeploymentPostprocessing = 0;
		};
		A70C255A214CE0CE00596BBB /* Resources */ = {
			isa = PBXResourcesBuildPhase;
			buildActionMask = 2147483647;
			files = (
			);
			runOnlyForDeploymentPostprocessing = 0;
		};
		A70C2565214CE0CE00596BBB /* Resources */ = {
			isa = PBXResourcesBuildPhase;
			buildActionMask = 2147483647;
			files = (
			);
			runOnlyForDeploymentPostprocessing = 0;
		};
/* End PBXResourcesBuildPhase section */

/* Begin PBXShellScriptBuildPhase section */
		4949E4622CE2FCD335BB6D30 /* [CP] Check Pods Manifest.lock */ = {
			isa = PBXShellScriptBuildPhase;
			buildActionMask = 2147483647;
			files = (
			);
			inputPaths = (
				"${PODS_PODFILE_DIR_PATH}/Podfile.lock",
				"${PODS_ROOT}/Manifest.lock",
			);
			name = "[CP] Check Pods Manifest.lock";
			outputPaths = (
				"$(DERIVED_FILE_DIR)/Pods-FIT5140-Assignment2Tests-checkManifestLockResult.txt",
			);
			runOnlyForDeploymentPostprocessing = 0;
			shellPath = /bin/sh;
			shellScript = "diff \"${PODS_PODFILE_DIR_PATH}/Podfile.lock\" \"${PODS_ROOT}/Manifest.lock\" > /dev/null\nif [ $? != 0 ] ; then\n    # print error to STDERR\n    echo \"error: The sandbox is not in sync with the Podfile.lock. Run 'pod install' or update your CocoaPods installation.\" >&2\n    exit 1\nfi\n# This output is used by Xcode 'outputs' to avoid re-running this script phase.\necho \"SUCCESS\" > \"${SCRIPT_OUTPUT_FILE_0}\"\n";
			showEnvVarsInLog = 0;
		};
		958C8B43B8B5598CF0C77C5A /* [CP] Check Pods Manifest.lock */ = {
			isa = PBXShellScriptBuildPhase;
			buildActionMask = 2147483647;
			files = (
			);
			inputPaths = (
				"${PODS_PODFILE_DIR_PATH}/Podfile.lock",
				"${PODS_ROOT}/Manifest.lock",
			);
			name = "[CP] Check Pods Manifest.lock";
			outputPaths = (
				"$(DERIVED_FILE_DIR)/Pods-FIT5140-Assignment2UITests-checkManifestLockResult.txt",
			);
			runOnlyForDeploymentPostprocessing = 0;
			shellPath = /bin/sh;
			shellScript = "diff \"${PODS_PODFILE_DIR_PATH}/Podfile.lock\" \"${PODS_ROOT}/Manifest.lock\" > /dev/null\nif [ $? != 0 ] ; then\n    # print error to STDERR\n    echo \"error: The sandbox is not in sync with the Podfile.lock. Run 'pod install' or update your CocoaPods installation.\" >&2\n    exit 1\nfi\n# This output is used by Xcode 'outputs' to avoid re-running this script phase.\necho \"SUCCESS\" > \"${SCRIPT_OUTPUT_FILE_0}\"\n";
			showEnvVarsInLog = 0;
		};
		F24CD882F55B911D262D167E /* [CP] Embed Pods Frameworks */ = {
			isa = PBXShellScriptBuildPhase;
			buildActionMask = 2147483647;
			files = (
			);
			inputPaths = (
				"${SRCROOT}/Pods/Target Support Files/Pods-FIT5140-Assignment2/Pods-FIT5140-Assignment2-frameworks.sh",
				"${BUILT_PRODUCTS_DIR}/GTMSessionFetcher/GTMSessionFetcher.framework",
				"${BUILT_PRODUCTS_DIR}/GoogleUtilities/GoogleUtilities.framework",
				"${BUILT_PRODUCTS_DIR}/JSQMessagesViewController/JSQMessagesViewController.framework",
				"${BUILT_PRODUCTS_DIR}/JSQSystemSoundPlayer/JSQSystemSoundPlayer.framework",
				"${BUILT_PRODUCTS_DIR}/leveldb-library/leveldb.framework",
				"${BUILT_PRODUCTS_DIR}/nanopb/nanopb.framework",
			);
			name = "[CP] Embed Pods Frameworks";
			outputPaths = (
				"${TARGET_BUILD_DIR}/${FRAMEWORKS_FOLDER_PATH}/GTMSessionFetcher.framework",
				"${TARGET_BUILD_DIR}/${FRAMEWORKS_FOLDER_PATH}/GoogleUtilities.framework",
				"${TARGET_BUILD_DIR}/${FRAMEWORKS_FOLDER_PATH}/JSQMessagesViewController.framework",
				"${TARGET_BUILD_DIR}/${FRAMEWORKS_FOLDER_PATH}/JSQSystemSoundPlayer.framework",
				"${TARGET_BUILD_DIR}/${FRAMEWORKS_FOLDER_PATH}/leveldb.framework",
				"${TARGET_BUILD_DIR}/${FRAMEWORKS_FOLDER_PATH}/nanopb.framework",
			);
			runOnlyForDeploymentPostprocessing = 0;
			shellPath = /bin/sh;
			shellScript = "\"${SRCROOT}/Pods/Target Support Files/Pods-FIT5140-Assignment2/Pods-FIT5140-Assignment2-frameworks.sh\"\n";
			showEnvVarsInLog = 0;
		};
		F996C76DEB19DD05A915A05C /* [CP] Check Pods Manifest.lock */ = {
			isa = PBXShellScriptBuildPhase;
			buildActionMask = 2147483647;
			files = (
			);
			inputPaths = (
				"${PODS_PODFILE_DIR_PATH}/Podfile.lock",
				"${PODS_ROOT}/Manifest.lock",
			);
			name = "[CP] Check Pods Manifest.lock";
			outputPaths = (
				"$(DERIVED_FILE_DIR)/Pods-FIT5140-Assignment2-checkManifestLockResult.txt",
			);
			runOnlyForDeploymentPostprocessing = 0;
			shellPath = /bin/sh;
			shellScript = "diff \"${PODS_PODFILE_DIR_PATH}/Podfile.lock\" \"${PODS_ROOT}/Manifest.lock\" > /dev/null\nif [ $? != 0 ] ; then\n    # print error to STDERR\n    echo \"error: The sandbox is not in sync with the Podfile.lock. Run 'pod install' or update your CocoaPods installation.\" >&2\n    exit 1\nfi\n# This output is used by Xcode 'outputs' to avoid re-running this script phase.\necho \"SUCCESS\" > \"${SCRIPT_OUTPUT_FILE_0}\"\n";
			showEnvVarsInLog = 0;
		};
/* End PBXShellScriptBuildPhase section */

/* Begin PBXSourcesBuildPhase section */
		A70C2541214CE0C900596BBB /* Sources */ = {
			isa = PBXSourcesBuildPhase;
			buildActionMask = 2147483647;
			files = (
				A70C254B214CE0C900596BBB /* ViewController.swift in Sources */,
				0A8F1D06214E308F002A3290 /* DataTableViewController.swift in Sources */,
				0A159D2921511A8E001BCACC /* Flower+CoreDataClass.swift in Sources */,
				A70C2549214CE0C900596BBB /* AppDelegate.swift in Sources */,
				0A159D2A21511A8E001BCACC /* Flower+CoreDataProperties.swift in Sources */,
				A70C2551214CE0C900596BBB /* FIT5140_Assignment2.xcdatamodeld in Sources */,
				0A8F1D08214E317A002A3290 /* DataViewCell.swift in Sources */,
				0A8F1D0A214E33D6002A3290 /* Raspio.swift in Sources */,
			);
			runOnlyForDeploymentPostprocessing = 0;
		};
		A70C2558214CE0CE00596BBB /* Sources */ = {
			isa = PBXSourcesBuildPhase;
			buildActionMask = 2147483647;
			files = (
				A70C2561214CE0CE00596BBB /* FIT5140_Assignment2Tests.swift in Sources */,
			);
			runOnlyForDeploymentPostprocessing = 0;
		};
		A70C2563214CE0CE00596BBB /* Sources */ = {
			isa = PBXSourcesBuildPhase;
			buildActionMask = 2147483647;
			files = (
				A70C256C214CE0CE00596BBB /* FIT5140_Assignment2UITests.swift in Sources */,
			);
			runOnlyForDeploymentPostprocessing = 0;
		};
/* End PBXSourcesBuildPhase section */

/* Begin PBXTargetDependency section */
		A70C255E214CE0CE00596BBB /* PBXTargetDependency */ = {
			isa = PBXTargetDependency;
			target = A70C2544214CE0C900596BBB /* FIT5140-Assignment2 */;
			targetProxy = A70C255D214CE0CE00596BBB /* PBXContainerItemProxy */;
		};
		A70C2569214CE0CE00596BBB /* PBXTargetDependency */ = {
			isa = PBXTargetDependency;
			target = A70C2544214CE0C900596BBB /* FIT5140-Assignment2 */;
			targetProxy = A70C2568214CE0CE00596BBB /* PBXContainerItemProxy */;
		};
/* End PBXTargetDependency section */

/* Begin PBXVariantGroup section */
		A70C254C214CE0C900596BBB /* Main.storyboard */ = {
			isa = PBXVariantGroup;
			children = (
				A70C254D214CE0C900596BBB /* Base */,
			);
			name = Main.storyboard;
			sourceTree = "<group>";
		};
		A70C2554214CE0CD00596BBB /* LaunchScreen.storyboard */ = {
			isa = PBXVariantGroup;
			children = (
				A70C2555214CE0CD00596BBB /* Base */,
			);
			name = LaunchScreen.storyboard;
			sourceTree = "<group>";
		};
/* End PBXVariantGroup section */

/* Begin XCBuildConfiguration section */
		A70C256E214CE0CE00596BBB /* Debug */ = {
			isa = XCBuildConfiguration;
			buildSettings = {
				ALWAYS_SEARCH_USER_PATHS = NO;
				CLANG_ANALYZER_NONNULL = YES;
				CLANG_ANALYZER_NUMBER_OBJECT_CONVERSION = YES_AGGRESSIVE;
				CLANG_CXX_LANGUAGE_STANDARD = "gnu++14";
				CLANG_CXX_LIBRARY = "libc++";
				CLANG_ENABLE_MODULES = YES;
				CLANG_ENABLE_OBJC_ARC = YES;
				CLANG_ENABLE_OBJC_WEAK = YES;
				CLANG_WARN_BLOCK_CAPTURE_AUTORELEASING = YES;
				CLANG_WARN_BOOL_CONVERSION = YES;
				CLANG_WARN_COMMA = YES;
				CLANG_WARN_CONSTANT_CONVERSION = YES;
				CLANG_WARN_DEPRECATED_OBJC_IMPLEMENTATIONS = YES;
				CLANG_WARN_DIRECT_OBJC_ISA_USAGE = YES_ERROR;
				CLANG_WARN_DOCUMENTATION_COMMENTS = YES;
				CLANG_WARN_EMPTY_BODY = YES;
				CLANG_WARN_ENUM_CONVERSION = YES;
				CLANG_WARN_INFINITE_RECURSION = YES;
				CLANG_WARN_INT_CONVERSION = YES;
				CLANG_WARN_NON_LITERAL_NULL_CONVERSION = YES;
				CLANG_WARN_OBJC_IMPLICIT_RETAIN_SELF = YES;
				CLANG_WARN_OBJC_LITERAL_CONVERSION = YES;
				CLANG_WARN_OBJC_ROOT_CLASS = YES_ERROR;
				CLANG_WARN_RANGE_LOOP_ANALYSIS = YES;
				CLANG_WARN_STRICT_PROTOTYPES = YES;
				CLANG_WARN_SUSPICIOUS_MOVE = YES;
				CLANG_WARN_UNGUARDED_AVAILABILITY = YES_AGGRESSIVE;
				CLANG_WARN_UNREACHABLE_CODE = YES;
				CLANG_WARN__DUPLICATE_METHOD_MATCH = YES;
				CODE_SIGN_IDENTITY = "iPhone Developer";
				COPY_PHASE_STRIP = NO;
				DEBUG_INFORMATION_FORMAT = dwarf;
				ENABLE_STRICT_OBJC_MSGSEND = YES;
				ENABLE_TESTABILITY = YES;
				GCC_C_LANGUAGE_STANDARD = gnu11;
				GCC_DYNAMIC_NO_PIC = NO;
				GCC_NO_COMMON_BLOCKS = YES;
				GCC_OPTIMIZATION_LEVEL = 0;
				GCC_PREPROCESSOR_DEFINITIONS = (
					"DEBUG=1",
					"$(inherited)",
				);
				GCC_WARN_64_TO_32_BIT_CONVERSION = YES;
				GCC_WARN_ABOUT_RETURN_TYPE = YES_ERROR;
				GCC_WARN_UNDECLARED_SELECTOR = YES;
				GCC_WARN_UNINITIALIZED_AUTOS = YES_AGGRESSIVE;
				GCC_WARN_UNUSED_FUNCTION = YES;
				GCC_WARN_UNUSED_VARIABLE = YES;
				IPHONEOS_DEPLOYMENT_TARGET = 11.4;
				MTL_ENABLE_DEBUG_INFO = YES;
				ONLY_ACTIVE_ARCH = YES;
				SDKROOT = iphoneos;
				SWIFT_ACTIVE_COMPILATION_CONDITIONS = DEBUG;
				SWIFT_OPTIMIZATION_LEVEL = "-Onone";
			};
			name = Debug;
		};
		A70C256F214CE0CE00596BBB /* Release */ = {
			isa = XCBuildConfiguration;
			buildSettings = {
				ALWAYS_SEARCH_USER_PATHS = NO;
				CLANG_ANALYZER_NONNULL = YES;
				CLANG_ANALYZER_NUMBER_OBJECT_CONVERSION = YES_AGGRESSIVE;
				CLANG_CXX_LANGUAGE_STANDARD = "gnu++14";
				CLANG_CXX_LIBRARY = "libc++";
				CLANG_ENABLE_MODULES = YES;
				CLANG_ENABLE_OBJC_ARC = YES;
				CLANG_ENABLE_OBJC_WEAK = YES;
				CLANG_WARN_BLOCK_CAPTURE_AUTORELEASING = YES;
				CLANG_WARN_BOOL_CONVERSION = YES;
				CLANG_WARN_COMMA = YES;
				CLANG_WARN_CONSTANT_CONVERSION = YES;
				CLANG_WARN_DEPRECATED_OBJC_IMPLEMENTATIONS = YES;
				CLANG_WARN_DIRECT_OBJC_ISA_USAGE = YES_ERROR;
				CLANG_WARN_DOCUMENTATION_COMMENTS = YES;
				CLANG_WARN_EMPTY_BODY = YES;
				CLANG_WARN_ENUM_CONVERSION = YES;
				CLANG_WARN_INFINITE_RECURSION = YES;
				CLANG_WARN_INT_CONVERSION = YES;
				CLANG_WARN_NON_LITERAL_NULL_CONVERSION = YES;
				CLANG_WARN_OBJC_IMPLICIT_RETAIN_SELF = YES;
				CLANG_WARN_OBJC_LITERAL_CONVERSION = YES;
				CLANG_WARN_OBJC_ROOT_CLASS = YES_ERROR;
				CLANG_WARN_RANGE_LOOP_ANALYSIS = YES;
				CLANG_WARN_STRICT_PROTOTYPES = YES;
				CLANG_WARN_SUSPICIOUS_MOVE = YES;
				CLANG_WARN_UNGUARDED_AVAILABILITY = YES_AGGRESSIVE;
				CLANG_WARN_UNREACHABLE_CODE = YES;
				CLANG_WARN__DUPLICATE_METHOD_MATCH = YES;
				CODE_SIGN_IDENTITY = "iPhone Developer";
				COPY_PHASE_STRIP = NO;
				DEBUG_INFORMATION_FORMAT = "dwarf-with-dsym";
				ENABLE_NS_ASSERTIONS = NO;
				ENABLE_STRICT_OBJC_MSGSEND = YES;
				GCC_C_LANGUAGE_STANDARD = gnu11;
				GCC_NO_COMMON_BLOCKS = YES;
				GCC_WARN_64_TO_32_BIT_CONVERSION = YES;
				GCC_WARN_ABOUT_RETURN_TYPE = YES_ERROR;
				GCC_WARN_UNDECLARED_SELECTOR = YES;
				GCC_WARN_UNINITIALIZED_AUTOS = YES_AGGRESSIVE;
				GCC_WARN_UNUSED_FUNCTION = YES;
				GCC_WARN_UNUSED_VARIABLE = YES;
				IPHONEOS_DEPLOYMENT_TARGET = 11.4;
				MTL_ENABLE_DEBUG_INFO = NO;
				SDKROOT = iphoneos;
				SWIFT_COMPILATION_MODE = wholemodule;
				SWIFT_OPTIMIZATION_LEVEL = "-O";
				VALIDATE_PRODUCT = YES;
			};
			name = Release;
		};
		A70C2571214CE0CE00596BBB /* Debug */ = {
			isa = XCBuildConfiguration;
			baseConfigurationReference = 44605B1A8E66B6B02D1C0005 /* Pods-FIT5140-Assignment2.debug.xcconfig */;
			buildSettings = {
				ASSETCATALOG_COMPILER_APPICON_NAME = AppIcon;
				CODE_SIGN_STYLE = Automatic;
				DEVELOPMENT_TEAM = "";
				INFOPLIST_FILE = "FIT5140-Assignment2/Info.plist";
				LD_RUNPATH_SEARCH_PATHS = (
					"$(inherited)",
					"@executable_path/Frameworks",
				);
				PRODUCT_BUNDLE_IDENTIFIER = "Monash.FIT5140-Assignment2";
				PRODUCT_NAME = "$(TARGET_NAME)";
				SWIFT_VERSION = 4.0;
				TARGETED_DEVICE_FAMILY = "1,2";
			};
			name = Debug;
		};
		A70C2572214CE0CE00596BBB /* Release */ = {
			isa = XCBuildConfiguration;
			baseConfigurationReference = 2A4652BC8601B2E009940EE6 /* Pods-FIT5140-Assignment2.release.xcconfig */;
			buildSettings = {
				ASSETCATALOG_COMPILER_APPICON_NAME = AppIcon;
				CODE_SIGN_STYLE = Automatic;
				DEVELOPMENT_TEAM = "";
				INFOPLIST_FILE = "FIT5140-Assignment2/Info.plist";
				LD_RUNPATH_SEARCH_PATHS = (
					"$(inherited)",
					"@executable_path/Frameworks",
				);
				PRODUCT_BUNDLE_IDENTIFIER = "Monash.FIT5140-Assignment2";
				PRODUCT_NAME = "$(TARGET_NAME)";
				SWIFT_VERSION = 4.0;
				TARGETED_DEVICE_FAMILY = "1,2";
			};
			name = Release;
		};
		A70C2574214CE0CE00596BBB /* Debug */ = {
			isa = XCBuildConfiguration;
			baseConfigurationReference = 027C08C8431C9A47A0D4371A /* Pods-FIT5140-Assignment2Tests.debug.xcconfig */;
			buildSettings = {
				ALWAYS_EMBED_SWIFT_STANDARD_LIBRARIES = YES;
				BUNDLE_LOADER = "$(TEST_HOST)";
				CODE_SIGN_STYLE = Automatic;
				INFOPLIST_FILE = "FIT5140-Assignment2Tests/Info.plist";
				LD_RUNPATH_SEARCH_PATHS = (
					"$(inherited)",
					"@executable_path/Frameworks",
					"@loader_path/Frameworks",
				);
				PRODUCT_BUNDLE_IDENTIFIER = "Monash.FIT5140-Assignment2Tests";
				PRODUCT_NAME = "$(TARGET_NAME)";
				SWIFT_VERSION = 4.0;
				TARGETED_DEVICE_FAMILY = "1,2";
				TEST_HOST = "$(BUILT_PRODUCTS_DIR)/FIT5140-Assignment2.app/FIT5140-Assignment2";
			};
			name = Debug;
		};
		A70C2575214CE0CE00596BBB /* Release */ = {
			isa = XCBuildConfiguration;
			baseConfigurationReference = B900CE764CB2E205DB5BF038 /* Pods-FIT5140-Assignment2Tests.release.xcconfig */;
			buildSettings = {
				ALWAYS_EMBED_SWIFT_STANDARD_LIBRARIES = YES;
				BUNDLE_LOADER = "$(TEST_HOST)";
				CODE_SIGN_STYLE = Automatic;
				INFOPLIST_FILE = "FIT5140-Assignment2Tests/Info.plist";
				LD_RUNPATH_SEARCH_PATHS = (
					"$(inherited)",
					"@executable_path/Frameworks",
					"@loader_path/Frameworks",
				);
				PRODUCT_BUNDLE_IDENTIFIER = "Monash.FIT5140-Assignment2Tests";
				PRODUCT_NAME = "$(TARGET_NAME)";
				SWIFT_VERSION = 4.0;
				TARGETED_DEVICE_FAMILY = "1,2";
				TEST_HOST = "$(BUILT_PRODUCTS_DIR)/FIT5140-Assignment2.app/FIT5140-Assignment2";
			};
			name = Release;
		};
		A70C2577214CE0CE00596BBB /* Debug */ = {
			isa = XCBuildConfiguration;
			baseConfigurationReference = AED74BD5D6BC0A067C0BDE2C /* Pods-FIT5140-Assignment2UITests.debug.xcconfig */;
			buildSettings = {
				ALWAYS_EMBED_SWIFT_STANDARD_LIBRARIES = YES;
				CODE_SIGN_STYLE = Automatic;
				INFOPLIST_FILE = "FIT5140-Assignment2UITests/Info.plist";
				LD_RUNPATH_SEARCH_PATHS = (
					"$(inherited)",
					"@executable_path/Frameworks",
					"@loader_path/Frameworks",
				);
				PRODUCT_BUNDLE_IDENTIFIER = "Monash.FIT5140-Assignment2UITests";
				PRODUCT_NAME = "$(TARGET_NAME)";
				SWIFT_VERSION = 4.0;
				TARGETED_DEVICE_FAMILY = "1,2";
				TEST_TARGET_NAME = "FIT5140-Assignment2";
			};
			name = Debug;
		};
		A70C2578214CE0CE00596BBB /* Release */ = {
			isa = XCBuildConfiguration;
			baseConfigurationReference = 033D02F9DEC7EAE069D24561 /* Pods-FIT5140-Assignment2UITests.release.xcconfig */;
			buildSettings = {
				ALWAYS_EMBED_SWIFT_STANDARD_LIBRARIES = YES;
				CODE_SIGN_STYLE = Automatic;
				INFOPLIST_FILE = "FIT5140-Assignment2UITests/Info.plist";
				LD_RUNPATH_SEARCH_PATHS = (
					"$(inherited)",
					"@executable_path/Frameworks",
					"@loader_path/Frameworks",
				);
				PRODUCT_BUNDLE_IDENTIFIER = "Monash.FIT5140-Assignment2UITests";
				PRODUCT_NAME = "$(TARGET_NAME)";
				SWIFT_VERSION = 4.0;
				TARGETED_DEVICE_FAMILY = "1,2";
				TEST_TARGET_NAME = "FIT5140-Assignment2";
			};
			name = Release;
		};
/* End XCBuildConfiguration section */

/* Begin XCConfigurationList section */
		A70C2540214CE0C900596BBB /* Build configuration list for PBXProject "FIT5140-Assignment2" */ = {
			isa = XCConfigurationList;
			buildConfigurations = (
				A70C256E214CE0CE00596BBB /* Debug */,
				A70C256F214CE0CE00596BBB /* Release */,
			);
			defaultConfigurationIsVisible = 0;
			defaultConfigurationName = Release;
		};
		A70C2570214CE0CE00596BBB /* Build configuration list for PBXNativeTarget "FIT5140-Assignment2" */ = {
			isa = XCConfigurationList;
			buildConfigurations = (
				A70C2571214CE0CE00596BBB /* Debug */,
				A70C2572214CE0CE00596BBB /* Release */,
			);
			defaultConfigurationIsVisible = 0;
			defaultConfigurationName = Release;
		};
		A70C2573214CE0CE00596BBB /* Build configuration list for PBXNativeTarget "FIT5140-Assignment2Tests" */ = {
			isa = XCConfigurationList;
			buildConfigurations = (
				A70C2574214CE0CE00596BBB /* Debug */,
				A70C2575214CE0CE00596BBB /* Release */,
			);
			defaultConfigurationIsVisible = 0;
			defaultConfigurationName = Release;
		};
		A70C2576214CE0CE00596BBB /* Build configuration list for PBXNativeTarget "FIT5140-Assignment2UITests" */ = {
			isa = XCConfigurationList;
			buildConfigurations = (
				A70C2577214CE0CE00596BBB /* Debug */,
				A70C2578214CE0CE00596BBB /* Release */,
			);
			defaultConfigurationIsVisible = 0;
			defaultConfigurationName = Release;
		};
/* End XCConfigurationList section */

/* Begin XCVersionGroup section */
		A70C254F214CE0C900596BBB /* FIT5140_Assignment2.xcdatamodeld */ = {
			isa = XCVersionGroup;
			children = (
				A70C2550214CE0C900596BBB /* FIT5140_Assignment2.xcdatamodel */,
			);
			currentVersion = A70C2550214CE0C900596BBB /* FIT5140_Assignment2.xcdatamodel */;
			path = FIT5140_Assignment2.xcdatamodeld;
			sourceTree = "<group>";
			versionGroupType = wrapper.xcdatamodel;
		};
/* End XCVersionGroup section */
	};
	rootObject = A70C253D214CE0C900596BBB /* Project object */;
}
